
Microsoft Visual Studio Solution File, Format Version 12.00
# Visual Studio Version 16
VisualStudioVersion = 25.0.1705.0
MinimumVisualStudioVersion = 10.0.40219.1
Project("{FAE04EC0-301F-11D3-BF4B-00C04F79EFBC}") = "MVC-Presentatie", "MVC-Presentatie\MVC-Presentatie.csproj", "{88120009-78A0-4B6C-B3E8-03CD22057A29}"
EndProject
Global
	GlobalSection(SolutionConfigurationPlatforms) = preSolution
		Debug|Any CPU = Debug|Any CPU
		Release|Any CPU = Release|Any CPU
	EndGlobalSection
	GlobalSection(ProjectConfigurationPlatforms) = postSolution
		{88120009-78A0-4B6C-B3E8-03CD22057A29}.Debug|Any CPU.ActiveCfg = Debug|Any CPU
		{88120009-78A0-4B6C-B3E8-03CD22057A29}.Debug|Any CPU.Build.0 = Debug|Any CPU
		{88120009-78A0-4B6C-B3E8-03CD22057A29}.Release|Any CPU.ActiveCfg = Release|Any CPU
		{88120009-78A0-4B6C-B3E8-03CD22057A29}.Release|Any CPU.Build.0 = Release|Any CPU
	EndGlobalSection
	GlobalSection(SolutionProperties) = preSolution
		HideSolutionNode = FALSE
	EndGlobalSection
	GlobalSection(ExtensibilityGlobals) = postSolution
		SolutionGuid = {876EE89E-B1C8-430D-A193-04BF2CF088A9}
	EndGlobalSection
EndGlobal
